
Microsoft Visual Studio Solution File, Format Version 12.00
# Visual Studio Version 16
VisualStudioVersion = 16.0.29613.14
MinimumVisualStudioVersion = 10.0.40219.1
Project("{FAE04EC0-301F-11D3-BF4B-00C04F79EFBC}") = "AtomTools_Navisworks", "AtomTools_Navisworks\AtomTools_Navisworks.csproj", "{90C3017C-C90D-4ED1-A983-CDF99B98CC7E}"
EndProject
Global
	GlobalSection(SolutionConfigurationPlatforms) = preSolution
		Debug|Any CPU = Debug|Any CPU
		Release|Any CPU = Release|Any CPU
	EndGlobalSection
	GlobalSection(ProjectConfigurationPlatforms) = postSolution
		{90C3017C-C90D-4ED1-A983-CDF99B98CC7E}.Debug|Any CPU.ActiveCfg = Debug|Any CPU
		{90C3017C-C90D-4ED1-A983-CDF99B98CC7E}.Debug|Any CPU.Build.0 = Debug|Any CPU
		{90C3017C-C90D-4ED1-A983-CDF99B98CC7E}.Release|Any CPU.ActiveCfg = Release|Any CPU
		{90C3017C-C90D-4ED1-A983-CDF99B98CC7E}.Release|Any CPU.Build.0 = Release|Any CPU
	EndGlobalSection
	GlobalSection(SolutionProperties) = preSolution
		HideSolutionNode = FALSE
	EndGlobalSection
	GlobalSection(ExtensibilityGlobals) = postSolution
		SolutionGuid = {6B6B4CD2-CEC2-4EAC-B1A4-4A27EEA31E86}
	EndGlobalSection
EndGlobal
